// !$*UTF8*$!
{
	archiveVersion = 1;
	classes = {
	};
	objectVersion = 51;
	objects = {

/* Begin PBXBuildFile section */
		4D900A61734C006183408A4F /* Pods_ENBDAssignment.framework in Frameworks */ = {isa = PBXBuildFile; fileRef = 120E047DC189C7C2EAF6F924 /* Pods_ENBDAssignment.framework */; };
		8F580350242717F6006705C7 /* AppDelegate.swift in Sources */ = {isa = PBXBuildFile; fileRef = 8F58034F242717F6006705C7 /* AppDelegate.swift */; };
		8F580352242717F6006705C7 /* SceneDelegate.swift in Sources */ = {isa = PBXBuildFile; fileRef = 8F580351242717F6006705C7 /* SceneDelegate.swift */; };
		8F580354242717F6006705C7 /* PhotoListViewController.swift in Sources */ = {isa = PBXBuildFile; fileRef = 8F580353242717F6006705C7 /* PhotoListViewController.swift */; };
		8F580357242717F6006705C7 /* Main.storyboard in Resources */ = {isa = PBXBuildFile; fileRef = 8F580355242717F6006705C7 /* Main.storyboard */; };
		8F580359242717FF006705C7 /* Assets.xcassets in Resources */ = {isa = PBXBuildFile; fileRef = 8F580358242717FF006705C7 /* Assets.xcassets */; };
		8F58035C242717FF006705C7 /* LaunchScreen.storyboard in Resources */ = {isa = PBXBuildFile; fileRef = 8F58035A242717FF006705C7 /* LaunchScreen.storyboard */; };
		8F58036724271800006705C7 /* ENBDAssignmentTests.swift in Sources */ = {isa = PBXBuildFile; fileRef = 8F58036624271800006705C7 /* ENBDAssignmentTests.swift */; };
		8F580376242718F1006705C7 /* Photo.swift in Sources */ = {isa = PBXBuildFile; fileRef = 8F580375242718F1006705C7 /* Photo.swift */; };
		8F580378242719A5006705C7 /* APIService.swift in Sources */ = {isa = PBXBuildFile; fileRef = 8F580377242719A5006705C7 /* APIService.swift */; };
		8F58037A24271A94006705C7 /* ServiceError.swift in Sources */ = {isa = PBXBuildFile; fileRef = 8F58037924271A94006705C7 /* ServiceError.swift */; };
		8F58037D24271DCB006705C7 /* PhotoCell.swift in Sources */ = {isa = PBXBuildFile; fileRef = 8F58037B24271DCB006705C7 /* PhotoCell.swift */; };
		8F58037E24271DCB006705C7 /* PhotoCell.xib in Resources */ = {isa = PBXBuildFile; fileRef = 8F58037C24271DCB006705C7 /* PhotoCell.xib */; };
		8F58038024271FB3006705C7 /* PhotoListViewModel.swift in Sources */ = {isa = PBXBuildFile; fileRef = 8F58037F24271FB3006705C7 /* PhotoListViewModel.swift */; };
		B43E447DFF7FD7034136ED92 /* Pods_ENBDAssignmentTests.framework in Frameworks */ = {isa = PBXBuildFile; fileRef = 4A904C95EB345A763EB3465C /* Pods_ENBDAssignmentTests.framework */; };
/* End PBXBuildFile section */

/* Begin PBXContainerItemProxy section */
		8F580363242717FF006705C7 /* PBXContainerItemProxy */ = {
			isa = PBXContainerItemProxy;
			containerPortal = 8F580344242717F6006705C7 /* Project object */;
			proxyType = 1;
			remoteGlobalIDString = 8F58034B242717F6006705C7;
			remoteInfo = ENBDAssignment;
		};
/* End PBXContainerItemProxy section */

/* Begin PBXFileReference section */
		120E047DC189C7C2EAF6F924 /* Pods_ENBDAssignment.framework */ = {isa = PBXFileReference; explicitFileType = wrapper.framework; includeInIndex = 0; path = Pods_ENBDAssignment.framework; sourceTree = BUILT_PRODUCTS_DIR; };
		4A904C95EB345A763EB3465C /* Pods_ENBDAssignmentTests.framework */ = {isa = PBXFileReference; explicitFileType = wrapper.framework; includeInIndex = 0; path = Pods_ENBDAssignmentTests.framework; sourceTree = BUILT_PRODUCTS_DIR; };
		4DDD34B48B6865A810452255 /* Pods-ENBDAssignment.debug.xcconfig */ = {isa = PBXFileReference; includeInIndex = 1; lastKnownFileType = text.xcconfig; name = "Pods-ENBDAssignment.debug.xcconfig"; path = "Target Support Files/Pods-ENBDAssignment/Pods-ENBDAssignment.debug.xcconfig"; sourceTree = "<group>"; };
		55306A8F908FD06E3856A5EE /* Pods-ENBDAssignment.release.xcconfig */ = {isa = PBXFileReference; includeInIndex = 1; lastKnownFileType = text.xcconfig; name = "Pods-ENBDAssignment.release.xcconfig"; path = "Target Support Files/Pods-ENBDAssignment/Pods-ENBDAssignment.release.xcconfig"; sourceTree = "<group>"; };
		8F58034C242717F6006705C7 /* ENBDAssignment.app */ = {isa = PBXFileReference; explicitFileType = wrapper.application; includeInIndex = 0; path = ENBDAssignment.app; sourceTree = BUILT_PRODUCTS_DIR; };
		8F58034F242717F6006705C7 /* AppDelegate.swift */ = {isa = PBXFileReference; lastKnownFileType = sourcecode.swift; path = AppDelegate.swift; sourceTree = "<group>"; };
		8F580351242717F6006705C7 /* SceneDelegate.swift */ = {isa = PBXFileReference; lastKnownFileType = sourcecode.swift; path = SceneDelegate.swift; sourceTree = "<group>"; };
		8F580353242717F6006705C7 /* PhotoListViewController.swift */ = {isa = PBXFileReference; lastKnownFileType = sourcecode.swift; path = PhotoListViewController.swift; sourceTree = "<group>"; };
		8F580356242717F6006705C7 /* Base */ = {isa = PBXFileReference; lastKnownFileType = file.storyboard; name = Base; path = Base.lproj/Main.storyboard; sourceTree = "<group>"; };
		8F580358242717FF006705C7 /* Assets.xcassets */ = {isa = PBXFileReference; lastKnownFileType = folder.assetcatalog; path = Assets.xcassets; sourceTree = "<group>"; };
		8F58035B242717FF006705C7 /* Base */ = {isa = PBXFileReference; lastKnownFileType = file.storyboard; name = Base; path = Base.lproj/LaunchScreen.storyboard; sourceTree = "<group>"; };
		8F58035D242717FF006705C7 /* Info.plist */ = {isa = PBXFileReference; lastKnownFileType = text.plist.xml; path = Info.plist; sourceTree = "<group>"; };
		8F580362242717FF006705C7 /* ENBDAssignmentTests.xctest */ = {isa = PBXFileReference; explicitFileType = wrapper.cfbundle; includeInIndex = 0; path = ENBDAssignmentTests.xctest; sourceTree = BUILT_PRODUCTS_DIR; };
		8F58036624271800006705C7 /* ENBDAssignmentTests.swift */ = {isa = PBXFileReference; lastKnownFileType = sourcecode.swift; path = ENBDAssignmentTests.swift; sourceTree = "<group>"; };
		8F58036824271800006705C7 /* Info.plist */ = {isa = PBXFileReference; lastKnownFileType = text.plist.xml; path = Info.plist; sourceTree = "<group>"; };
		8F580375242718F1006705C7 /* Photo.swift */ = {isa = PBXFileReference; lastKnownFileType = sourcecode.swift; path = Photo.swift; sourceTree = "<group>"; };
		8F580377242719A5006705C7 /* APIService.swift */ = {isa = PBXFileReference; lastKnownFileType = sourcecode.swift; path = APIService.swift; sourceTree = "<group>"; };
		8F58037924271A94006705C7 /* ServiceError.swift */ = {isa = PBXFileReference; lastKnownFileType = sourcecode.swift; path = ServiceError.swift; sourceTree = "<group>"; };
		8F58037B24271DCB006705C7 /* PhotoCell.swift */ = {isa = PBXFileReference; lastKnownFileType = sourcecode.swift; path = PhotoCell.swift; sourceTree = "<group>"; };
		8F58037C24271DCB006705C7 /* PhotoCell.xib */ = {isa = PBXFileReference; lastKnownFileType = file.xib; path = PhotoCell.xib; sourceTree = "<group>"; };
		8F58037F24271FB3006705C7 /* PhotoListViewModel.swift */ = {isa = PBXFileReference; lastKnownFileType = sourcecode.swift; path = PhotoListViewModel.swift; sourceTree = "<group>"; };
		98F8CC4FB553E3E7D9942616 /* Pods-ENBDAssignmentTests.release.xcconfig */ = {isa = PBXFileReference; includeInIndex = 1; lastKnownFileType = text.xcconfig; name = "Pods-ENBDAssignmentTests.release.xcconfig"; path = "Target Support Files/Pods-ENBDAssignmentTests/Pods-ENBDAssignmentTests.release.xcconfig"; sourceTree = "<group>"; };
		ADAAB1D91CD5E9B08D6BCEBA /* Pods-ENBDAssignmentTests.debug.xcconfig */ = {isa = PBXFileReference; includeInIndex = 1; lastKnownFileType = text.xcconfig; name = "Pods-ENBDAssignmentTests.debug.xcconfig"; path = "Target Support Files/Pods-ENBDAssignmentTests/Pods-ENBDAssignmentTests.debug.xcconfig"; sourceTree = "<group>"; };
/* End PBXFileReference section */

/* Begin PBXFrameworksBuildPhase section */
		8F580349242717F6006705C7 /* Frameworks */ = {
			isa = PBXFrameworksBuildPhase;
			buildActionMask = 2147483647;
			files = (
				4D900A61734C006183408A4F /* Pods_ENBDAssignment.framework in Frameworks */,
			);
			runOnlyForDeploymentPostprocessing = 0;
		};
		8F58035F242717FF006705C7 /* Frameworks */ = {
			isa = PBXFrameworksBuildPhase;
			buildActionMask = 2147483647;
			files = (
				B43E447DFF7FD7034136ED92 /* Pods_ENBDAssignmentTests.framework in Frameworks */,
			);
			runOnlyForDeploymentPostprocessing = 0;
		};
/* End PBXFrameworksBuildPhase section */

/* Begin PBXGroup section */
		3646729068B73562E81AE85C /* Frameworks */ = {
			isa = PBXGroup;
			children = (
				120E047DC189C7C2EAF6F924 /* Pods_ENBDAssignment.framework */,
				4A904C95EB345A763EB3465C /* Pods_ENBDAssignmentTests.framework */,
			);
			name = Frameworks;
			sourceTree = "<group>";
		};
		8F580343242717F6006705C7 = {
			isa = PBXGroup;
			children = (
				8F58034E242717F6006705C7 /* ENBDAssignment */,
				8F58036524271800006705C7 /* ENBDAssignmentTests */,
				8F58034D242717F6006705C7 /* Products */,
				A529B45499E09B11723051FA /* Pods */,
				3646729068B73562E81AE85C /* Frameworks */,
			);
			sourceTree = "<group>";
		};
		8F58034D242717F6006705C7 /* Products */ = {
			isa = PBXGroup;
			children = (
				8F58034C242717F6006705C7 /* ENBDAssignment.app */,
				8F580362242717FF006705C7 /* ENBDAssignmentTests.xctest */,
			);
			name = Products;
			sourceTree = "<group>";
		};
		8F58034E242717F6006705C7 /* ENBDAssignment */ = {
			isa = PBXGroup;
			children = (
				8F58034F242717F6006705C7 /* AppDelegate.swift */,
				8F580358242717FF006705C7 /* Assets.xcassets */,
				8F58035D242717FF006705C7 /* Info.plist */,
				8F58035A242717FF006705C7 /* LaunchScreen.storyboard */,
				8F580355242717F6006705C7 /* Main.storyboard */,
				8F5803712427188D006705C7 /* Model */,
				8F580351242717F6006705C7 /* SceneDelegate.swift */,
				8F580374242718BB006705C7 /* Service */,
				8F580373242718A0006705C7 /* View */,
				8F58037224271895006705C7 /* ViewModel */,
			);
			path = ENBDAssignment;
			sourceTree = "<group>";
		};
		8F58036524271800006705C7 /* ENBDAssignmentTests */ = {
			isa = PBXGroup;
			children = (
				8F58036624271800006705C7 /* ENBDAssignmentTests.swift */,
				8F58036824271800006705C7 /* Info.plist */,
			);
			path = ENBDAssignmentTests;
			sourceTree = "<group>";
		};
		8F5803712427188D006705C7 /* Model */ = {
			isa = PBXGroup;
			children = (
				8F580375242718F1006705C7 /* Photo.swift */,
			);
			path = Model;
			sourceTree = "<group>";
		};
		8F58037224271895006705C7 /* ViewModel */ = {
			isa = PBXGroup;
			children = (
				8F58037F24271FB3006705C7 /* PhotoListViewModel.swift */,
			);
			path = ViewModel;
			sourceTree = "<group>";
		};
		8F580373242718A0006705C7 /* View */ = {
			isa = PBXGroup;
			children = (
				8F580353242717F6006705C7 /* PhotoListViewController.swift */,
				8F58037B24271DCB006705C7 /* PhotoCell.swift */,
				8F58037C24271DCB006705C7 /* PhotoCell.xib */,
			);
			path = View;
			sourceTree = "<group>";
		};
		8F580374242718BB006705C7 /* Service */ = {
			isa = PBXGroup;
			children = (
				8F580377242719A5006705C7 /* APIService.swift */,
				8F58037924271A94006705C7 /* ServiceError.swift */,
			);
			path = Service;
			sourceTree = "<group>";
		};
		A529B45499E09B11723051FA /* Pods */ = {
			isa = PBXGroup;
			children = (
				4DDD34B48B6865A810452255 /* Pods-ENBDAssignment.debug.xcconfig */,
				55306A8F908FD06E3856A5EE /* Pods-ENBDAssignment.release.xcconfig */,
				ADAAB1D91CD5E9B08D6BCEBA /* Pods-ENBDAssignmentTests.debug.xcconfig */,
				98F8CC4FB553E3E7D9942616 /* Pods-ENBDAssignmentTests.release.xcconfig */,
			);
			path = Pods;
			sourceTree = "<group>";
		};
/* End PBXGroup section */

/* Begin PBXNativeTarget section */
		8F58034B242717F6006705C7 /* ENBDAssignment */ = {
			isa = PBXNativeTarget;
			buildConfigurationList = 8F58036B24271800006705C7 /* Build configuration list for PBXNativeTarget "ENBDAssignment" */;
			buildPhases = (
				C86C605995CEC5EB934B7D20 /* [CP] Check Pods Manifest.lock */,
				8F580348242717F6006705C7 /* Sources */,
				8F580349242717F6006705C7 /* Frameworks */,
				8F58034A242717F6006705C7 /* Resources */,
				F45E466D7310D99EB36DB45B /* [CP] Embed Pods Frameworks */,
			);
			buildRules = (
			);
			dependencies = (
			);
			name = ENBDAssignment;
			productName = ENBDAssignment;
			productReference = 8F58034C242717F6006705C7 /* ENBDAssignment.app */;
			productType = "com.apple.product-type.application";
		};
		8F580361242717FF006705C7 /* ENBDAssignmentTests */ = {
			isa = PBXNativeTarget;
			buildConfigurationList = 8F58036E24271800006705C7 /* Build configuration list for PBXNativeTarget "ENBDAssignmentTests" */;
			buildPhases = (
				78E0373B59CC2CE965A5BB4B /* [CP] Check Pods Manifest.lock */,
				8F58035E242717FF006705C7 /* Sources */,
				8F58035F242717FF006705C7 /* Frameworks */,
				8F580360242717FF006705C7 /* Resources */,
			);
			buildRules = (
			);
			dependencies = (
				8F580364242717FF006705C7 /* PBXTargetDependency */,
			);
			name = ENBDAssignmentTests;
			productName = ENBDAssignmentTests;
			productReference = 8F580362242717FF006705C7 /* ENBDAssignmentTests.xctest */;
			productType = "com.apple.product-type.bundle.unit-test";
		};
/* End PBXNativeTarget section */

/* Begin PBXProject section */
		8F580344242717F6006705C7 /* Project object */ = {
			isa = PBXProject;
			attributes = {
				LastSwiftUpdateCheck = 1130;
				LastUpgradeCheck = 1130;
				ORGANIZATIONNAME = Sharon;
				TargetAttributes = {
					8F58034B242717F6006705C7 = {
						CreatedOnToolsVersion = 11.3.1;
					};
					8F580361242717FF006705C7 = {
						CreatedOnToolsVersion = 11.3.1;
						TestTargetID = 8F58034B242717F6006705C7;
					};
				};
			};
			buildConfigurationList = 8F580347242717F6006705C7 /* Build configuration list for PBXProject "ENBDAssignment" */;
			compatibilityVersion = "Xcode 9.3";
			developmentRegion = en;
			hasScannedForEncodings = 0;
			knownRegions = (
				en,
				Base,
			);
			mainGroup = 8F580343242717F6006705C7;
			productRefGroup = 8F58034D242717F6006705C7 /* Products */;
			projectDirPath = "";
			projectRoot = "";
			targets = (
				8F58034B242717F6006705C7 /* ENBDAssignment */,
				8F580361242717FF006705C7 /* ENBDAssignmentTests */,
			);
		};
/* End PBXProject section */

/* Begin PBXResourcesBuildPhase section */
		8F58034A242717F6006705C7 /* Resources */ = {
			isa = PBXResourcesBuildPhase;
			buildActionMask = 2147483647;
			files = (
				8F58037E24271DCB006705C7 /* PhotoCell.xib in Resources */,
				8F58035C242717FF006705C7 /* LaunchScreen.storyboard in Resources */,
				8F580359242717FF006705C7 /* Assets.xcassets in Resources */,
				8F580357242717F6006705C7 /* Main.storyboard in Resources */,
			);
			runOnlyForDeploymentPostprocessing = 0;
		};
		8F580360242717FF006705C7 /* Resources */ = {
			isa = PBXResourcesBuildPhase;
			buildActionMask = 2147483647;
			files = (
			);
			runOnlyForDeploymentPostprocessing = 0;
		};
/* End PBXResourcesBuildPhase section */

/* Begin PBXShellScriptBuildPhase section */
		78E0373B59CC2CE965A5BB4B /* [CP] Check Pods Manifest.lock */ = {
			isa = PBXShellScriptBuildPhase;
			buildActionMask = 2147483647;
			files = (
			);
			inputFileListPaths = (
			);
			inputPaths = (
				"${PODS_PODFILE_DIR_PATH}/Podfile.lock",
				"${PODS_ROOT}/Manifest.lock",
			);
			name = "[CP] Check Pods Manifest.lock";
			outputFileListPaths = (
			);
			outputPaths = (
				"$(DERIVED_FILE_DIR)/Pods-ENBDAssignmentTests-checkManifestLockResult.txt",
			);
			runOnlyForDeploymentPostprocessing = 0;
			shellPath = /bin/sh;
			shellScript = "diff \"${PODS_PODFILE_DIR_PATH}/Podfile.lock\" \"${PODS_ROOT}/Manifest.lock\" > /dev/null\nif [ $? != 0 ] ; then\n    # print error to STDERR\n    echo \"error: The sandbox is not in sync with the Podfile.lock. Run 'pod install' or update your CocoaPods installation.\" >&2\n    exit 1\nfi\n# This output is used by Xcode 'outputs' to avoid re-running this script phase.\necho \"SUCCESS\" > \"${SCRIPT_OUTPUT_FILE_0}\"\n";
			showEnvVarsInLog = 0;
		};
		C86C605995CEC5EB934B7D20 /* [CP] Check Pods Manifest.lock */ = {
			isa = PBXShellScriptBuildPhase;
			buildActionMask = 2147483647;
			files = (
			);
			inputFileListPaths = (
			);
			inputPaths = (
				"${PODS_PODFILE_DIR_PATH}/Podfile.lock",
				"${PODS_ROOT}/Manifest.lock",
			);
			name = "[CP] Check Pods Manifest.lock";
			outputFileListPaths = (
			);
			outputPaths = (
				"$(DERIVED_FILE_DIR)/Pods-ENBDAssignment-checkManifestLockResult.txt",
			);
			runOnlyForDeploymentPostprocessing = 0;
			shellPath = /bin/sh;
			shellScript = "diff \"${PODS_PODFILE_DIR_PATH}/Podfile.lock\" \"${PODS_ROOT}/Manifest.lock\" > /dev/null\nif [ $? != 0 ] ; then\n    # print error to STDERR\n    echo \"error: The sandbox is not in sync with the Podfile.lock. Run 'pod install' or update your CocoaPods installation.\" >&2\n    exit 1\nfi\n# This output is used by Xcode 'outputs' to avoid re-running this script phase.\necho \"SUCCESS\" > \"${SCRIPT_OUTPUT_FILE_0}\"\n";
			showEnvVarsInLog = 0;
		};
		F45E466D7310D99EB36DB45B /* [CP] Embed Pods Frameworks */ = {
			isa = PBXShellScriptBuildPhase;
			buildActionMask = 2147483647;
			files = (
			);
			inputFileListPaths = (
				"${PODS_ROOT}/Target Support Files/Pods-ENBDAssignment/Pods-ENBDAssignment-frameworks-${CONFIGURATION}-input-files.xcfilelist",
			);
			name = "[CP] Embed Pods Frameworks";
			outputFileListPaths = (
				"${PODS_ROOT}/Target Support Files/Pods-ENBDAssignment/Pods-ENBDAssignment-frameworks-${CONFIGURATION}-output-files.xcfilelist",
			);
			runOnlyForDeploymentPostprocessing = 0;
			shellPath = /bin/sh;
			shellScript = "\"${PODS_ROOT}/Target Support Files/Pods-ENBDAssignment/Pods-ENBDAssignment-frameworks.sh\"\n";
			showEnvVarsInLog = 0;
		};
/* End PBXShellScriptBuildPhase section */

/* Begin PBXSourcesBuildPhase section */
		8F580348242717F6006705C7 /* Sources */ = {
			isa = PBXSourcesBuildPhase;
			buildActionMask = 2147483647;
			files = (
				8F58037D24271DCB006705C7 /* PhotoCell.swift in Sources */,
				8F58037A24271A94006705C7 /* ServiceError.swift in Sources */,
				8F580376242718F1006705C7 /* Photo.swift in Sources */,
				8F580378242719A5006705C7 /* APIService.swift in Sources */,
				8F580354242717F6006705C7 /* PhotoListViewController.swift in Sources */,
				8F58038024271FB3006705C7 /* PhotoListViewModel.swift in Sources */,
				8F580350242717F6006705C7 /* AppDelegate.swift in Sources */,
				8F580352242717F6006705C7 /* SceneDelegate.swift in Sources */,
			);
			runOnlyForDeploymentPostprocessing = 0;
		};
		8F58035E242717FF006705C7 /* Sources */ = {
			isa = PBXSourcesBuildPhase;
			buildActionMask = 2147483647;
			files = (
				8F58036724271800006705C7 /* ENBDAssignmentTests.swift in Sources */,
			);
			runOnlyForDeploymentPostprocessing = 0;
		};
/* End PBXSourcesBuildPhase section */

/* Begin PBXTargetDependency section */
		8F580364242717FF006705C7 /* PBXTargetDependency */ = {
			isa = PBXTargetDependency;
			target = 8F58034B242717F6006705C7 /* ENBDAssignment */;
			targetProxy = 8F580363242717FF006705C7 /* PBXContainerItemProxy */;
		};
/* End PBXTargetDependency section */

/* Begin PBXVariantGroup section */
		8F580355242717F6006705C7 /* Main.storyboard */ = {
			isa = PBXVariantGroup;
			children = (
				8F580356242717F6006705C7 /* Base */,
			);
			name = Main.storyboard;
			sourceTree = "<group>";
		};
		8F58035A242717FF006705C7 /* LaunchScreen.storyboard */ = {
			isa = PBXVariantGroup;
			children = (
				8F58035B242717FF006705C7 /* Base */,
			);
			name = LaunchScreen.storyboard;
			sourceTree = "<group>";
		};
/* End PBXVariantGroup section */

/* Begin XCBuildConfiguration section */
		8F58036924271800006705C7 /* Debug */ = {
			isa = XCBuildConfiguration;
			buildSettings = {
				ALWAYS_SEARCH_USER_PATHS = NO;
				CLANG_ANALYZER_NONNULL = YES;
				CLANG_ANALYZER_NUMBER_OBJECT_CONVERSION = YES_AGGRESSIVE;
				CLANG_CXX_LANGUAGE_STANDARD = "gnu++14";
				CLANG_CXX_LIBRARY = "libc++";
				CLANG_ENABLE_MODULES = YES;
				CLANG_ENABLE_OBJC_ARC = YES;
				CLANG_ENABLE_OBJC_WEAK = YES;
				CLANG_WARN_BLOCK_CAPTURE_AUTORELEASING = YES;
				CLANG_WARN_BOOL_CONVERSION = YES;
				CLANG_WARN_COMMA = YES;
				CLANG_WARN_CONSTANT_CONVERSION = YES;
				CLANG_WARN_DEPRECATED_OBJC_IMPLEMENTATIONS = YES;
				CLANG_WARN_DIRECT_OBJC_ISA_USAGE = YES_ERROR;
				CLANG_WARN_DOCUMENTATION_COMMENTS = YES;
				CLANG_WARN_EMPTY_BODY = YES;
				CLANG_WARN_ENUM_CONVERSION = YES;
				CLANG_WARN_INFINITE_RECURSION = YES;
				CLANG_WARN_INT_CONVERSION = YES;
				CLANG_WARN_NON_LITERAL_NULL_CONVERSION = YES;
				CLANG_WARN_OBJC_IMPLICIT_RETAIN_SELF = YES;
				CLANG_WARN_OBJC_LITERAL_CONVERSION = YES;
				CLANG_WARN_OBJC_ROOT_CLASS = YES_ERROR;
				CLANG_WARN_RANGE_LOOP_ANALYSIS = YES;
				CLANG_WARN_STRICT_PROTOTYPES = YES;
				CLANG_WARN_SUSPICIOUS_MOVE = YES;
				CLANG_WARN_UNGUARDED_AVAILABILITY = YES_AGGRESSIVE;
				CLANG_WARN_UNREACHABLE_CODE = YES;
				CLANG_WARN__DUPLICATE_METHOD_MATCH = YES;
				COPY_PHASE_STRIP = NO;
				DEBUG_INFORMATION_FORMAT = dwarf;
				ENABLE_STRICT_OBJC_MSGSEND = YES;
				ENABLE_TESTABILITY = YES;
				GCC_C_LANGUAGE_STANDARD = gnu11;
				GCC_DYNAMIC_NO_PIC = NO;
				GCC_NO_COMMON_BLOCKS = YES;
				GCC_OPTIMIZATION_LEVEL = 0;
				GCC_PREPROCESSOR_DEFINITIONS = (
					"DEBUG=1",
					"$(inherited)",
				);
				GCC_WARN_64_TO_32_BIT_CONVERSION = YES;
				GCC_WARN_ABOUT_RETURN_TYPE = YES_ERROR;
				GCC_WARN_UNDECLARED_SELECTOR = YES;
				GCC_WARN_UNINITIALIZED_AUTOS = YES_AGGRESSIVE;
				GCC_WARN_UNUSED_FUNCTION = YES;
				GCC_WARN_UNUSED_VARIABLE = YES;
				IPHONEOS_DEPLOYMENT_TARGET = 13.2;
				MTL_ENABLE_DEBUG_INFO = INCLUDE_SOURCE;
				MTL_FAST_MATH = YES;
				ONLY_ACTIVE_ARCH = YES;
				SDKROOT = iphoneos;
				SWIFT_ACTIVE_COMPILATION_CONDITIONS = DEBUG;
				SWIFT_OPTIMIZATION_LEVEL = "-Onone";
			};
			name = Debug;
		};
		8F58036A24271800006705C7 /* Release */ = {
			isa = XCBuildConfiguration;
			buildSettings = {
				ALWAYS_SEARCH_USER_PATHS = NO;
				CLANG_ANALYZER_NONNULL = YES;
				CLANG_ANALYZER_NUMBER_OBJECT_CONVERSION = YES_AGGRESSIVE;
				CLANG_CXX_LANGUAGE_STANDARD = "gnu++14";
				CLANG_CXX_LIBRARY = "libc++";
				CLANG_ENABLE_MODULES = YES;
				CLANG_ENABLE_OBJC_ARC = YES;
				CLANG_ENABLE_OBJC_WEAK = YES;
				CLANG_WARN_BLOCK_CAPTURE_AUTORELEASING = YES;
				CLANG_WARN_BOOL_CONVERSION = YES;
				CLANG_WARN_COMMA = YES;
				CLANG_WARN_CONSTANT_CONVERSION = YES;
				CLANG_WARN_DEPRECATED_OBJC_IMPLEMENTATIONS = YES;
				CLANG_WARN_DIRECT_OBJC_ISA_USAGE = YES_ERROR;
				CLANG_WARN_DOCUMENTATION_COMMENTS = YES;
				CLANG_WARN_EMPTY_BODY = YES;
				CLANG_WARN_ENUM_CONVERSION = YES;
				CLANG_WARN_INFINITE_RECURSION = YES;
				CLANG_WARN_INT_CONVERSION = YES;
				CLANG_WARN_NON_LITERAL_NULL_CONVERSION = YES;
				CLANG_WARN_OBJC_IMPLICIT_RETAIN_SELF = YES;
				CLANG_WARN_OBJC_LITERAL_CONVERSION = YES;
				CLANG_WARN_OBJC_ROOT_CLASS = YES_ERROR;
				CLANG_WARN_RANGE_LOOP_ANALYSIS = YES;
				CLANG_WARN_STRICT_PROTOTYPES = YES;
				CLANG_WARN_SUSPICIOUS_MOVE = YES;
				CLANG_WARN_UNGUARDED_AVAILABILITY = YES_AGGRESSIVE;
				CLANG_WARN_UNREACHABLE_CODE = YES;
				CLANG_WARN__DUPLICATE_METHOD_MATCH = YES;
				COPY_PHASE_STRIP = NO;
				DEBUG_INFORMATION_FORMAT = "dwarf-with-dsym";
				ENABLE_NS_ASSERTIONS = NO;
				ENABLE_STRICT_OBJC_MSGSEND = YES;
				GCC_C_LANGUAGE_STANDARD = gnu11;
				GCC_NO_COMMON_BLOCKS = YES;
				GCC_WARN_64_TO_32_BIT_CONVERSION = YES;
				GCC_WARN_ABOUT_RETURN_TYPE = YES_ERROR;
				GCC_WARN_UNDECLARED_SELECTOR = YES;
				GCC_WARN_UNINITIALIZED_AUTOS = YES_AGGRESSIVE;
				GCC_WARN_UNUSED_FUNCTION = YES;
				GCC_WARN_UNUSED_VARIABLE = YES;
				IPHONEOS_DEPLOYMENT_TARGET = 13.2;
				MTL_ENABLE_DEBUG_INFO = NO;
				MTL_FAST_MATH = YES;
				SDKROOT = iphoneos;
				SWIFT_COMPILATION_MODE = wholemodule;
				SWIFT_OPTIMIZATION_LEVEL = "-O";
				VALIDATE_PRODUCT = YES;
			};
			name = Release;
		};
		8F58036C24271800006705C7 /* Debug */ = {
			isa = XCBuildConfiguration;
			baseConfigurationReference = 4DDD34B48B6865A810452255 /* Pods-ENBDAssignment.debug.xcconfig */;
			buildSettings = {
				ASSETCATALOG_COMPILER_APPICON_NAME = AppIcon;
				CODE_SIGN_STYLE = Automatic;
				INFOPLIST_FILE = ENBDAssignment/Info.plist;
				LD_RUNPATH_SEARCH_PATHS = (
					"$(inherited)",
					"@executable_path/Frameworks",
				);
				PRODUCT_BUNDLE_IDENTIFIER = com.sharon.ENBDAssignment;
				PRODUCT_NAME = "$(TARGET_NAME)";
				SWIFT_VERSION = 5.0;
				TARGETED_DEVICE_FAMILY = "1,2";
			};
			name = Debug;
		};
		8F58036D24271800006705C7 /* Release */ = {
			isa = XCBuildConfiguration;
			baseConfigurationReference = 55306A8F908FD06E3856A5EE /* Pods-ENBDAssignment.release.xcconfig */;
			buildSettings = {
				ASSETCATALOG_COMPILER_APPICON_NAME = AppIcon;
				CODE_SIGN_STYLE = Automatic;
				INFOPLIST_FILE = ENBDAssignment/Info.plist;
				LD_RUNPATH_SEARCH_PATHS = (
					"$(inherited)",
					"@executable_path/Frameworks",
				);
				PRODUCT_BUNDLE_IDENTIFIER = com.sharon.ENBDAssignment;
				PRODUCT_NAME = "$(TARGET_NAME)";
				SWIFT_VERSION = 5.0;
				TARGETED_DEVICE_FAMILY = "1,2";
			};
			name = Release;
		};
		8F58036F24271800006705C7 /* Debug */ = {
			isa = XCBuildConfiguration;
			baseConfigurationReference = ADAAB1D91CD5E9B08D6BCEBA /* Pods-ENBDAssignmentTests.debug.xcconfig */;
			buildSettings = {
				ALWAYS_EMBED_SWIFT_STANDARD_LIBRARIES = YES;
				BUNDLE_LOADER = "$(TEST_HOST)";
				CODE_SIGN_STYLE = Automatic;
				INFOPLIST_FILE = ENBDAssignmentTests/Info.plist;
				IPHONEOS_DEPLOYMENT_TARGET = 13.2;
				LD_RUNPATH_SEARCH_PATHS = (
					"$(inherited)",
					"@executable_path/Frameworks",
					"@loader_path/Frameworks",
				);
				PRODUCT_BUNDLE_IDENTIFIER = com.sharon.ENBDAssignmentTests;
				PRODUCT_NAME = "$(TARGET_NAME)";
				SWIFT_VERSION = 5.0;
				TARGETED_DEVICE_FAMILY = "1,2";
				TEST_HOST = "$(BUILT_PRODUCTS_DIR)/ENBDAssignment.app/ENBDAssignment";
			};
			name = Debug;
		};
		8F58037024271800006705C7 /* Release */ = {
			isa = XCBuildConfiguration;
			baseConfigurationReference = 98F8CC4FB553E3E7D9942616 /* Pods-ENBDAssignmentTests.release.xcconfig */;
			buildSettings = {
				ALWAYS_EMBED_SWIFT_STANDARD_LIBRARIES = YES;
				BUNDLE_LOADER = "$(TEST_HOST)";
				CODE_SIGN_STYLE = Automatic;
				INFOPLIST_FILE = ENBDAssignmentTests/Info.plist;
				IPHONEOS_DEPLOYMENT_TARGET = 13.2;
				LD_RUNPATH_SEARCH_PATHS = (
					"$(inherited)",
					"@executable_path/Frameworks",
					"@loader_path/Frameworks",
				);
				PRODUCT_BUNDLE_IDENTIFIER = com.sharon.ENBDAssignmentTests;
				PRODUCT_NAME = "$(TARGET_NAME)";
				SWIFT_VERSION = 5.0;
				TARGETED_DEVICE_FAMILY = "1,2";
				TEST_HOST = "$(BUILT_PRODUCTS_DIR)/ENBDAssignment.app/ENBDAssignment";
			};
			name = Release;
		};
/* End XCBuildConfiguration section */

/* Begin XCConfigurationList section */
		8F580347242717F6006705C7 /* Build configuration list for PBXProject "ENBDAssignment" */ = {
			isa = XCConfigurationList;
			buildConfigurations = (
				8F58036924271800006705C7 /* Debug */,
				8F58036A24271800006705C7 /* Release */,
			);
			defaultConfigurationIsVisible = 0;
			defaultConfigurationName = Release;
		};
		8F58036B24271800006705C7 /* Build configuration list for PBXNativeTarget "ENBDAssignment" */ = {
			isa = XCConfigurationList;
			buildConfigurations = (
				8F58036C24271800006705C7 /* Debug */,
				8F58036D24271800006705C7 /* Release */,
			);
			defaultConfigurationIsVisible = 0;
			defaultConfigurationName = Release;
		};
		8F58036E24271800006705C7 /* Build configuration list for PBXNativeTarget "ENBDAssignmentTests" */ = {
			isa = XCConfigurationList;
			buildConfigurations = (
				8F58036F24271800006705C7 /* Debug */,
				8F58037024271800006705C7 /* Release */,
			);
			defaultConfigurationIsVisible = 0;
			defaultConfigurationName = Release;
		};
/* End XCConfigurationList section */
	};
	rootObject = 8F580344242717F6006705C7 /* Project object */;
}
